
Microsoft Visual Studio Solution File, Format Version 12.00
Project("{FAE04EC0-301F-11D3-BF4B-00C04F79EFBC}") = "Employees-SII-G", "Employees-SII-G\Employees-SII-G.csproj", "{6794046B-1243-4A7D-8B98-13A7C8E50234}"
EndProject
Project("{FAE04EC0-301F-11D3-BF4B-00C04F79EFBC}") = "Employees_SII_G.Tests", "Employees_SII_G.Tests\Employees_SII_G.Tests.csproj", "{6E909054-CD42-4A06-BAC1-A5A5FF7348B7}"
EndProject
Global
	GlobalSection(SolutionConfigurationPlatforms) = preSolution
		Debug|Any CPU = Debug|Any CPU
		Release|Any CPU = Release|Any CPU
	EndGlobalSection
	GlobalSection(ProjectConfigurationPlatforms) = postSolution
		{6794046B-1243-4A7D-8B98-13A7C8E50234}.Debug|Any CPU.ActiveCfg = Debug|Any CPU
		{6794046B-1243-4A7D-8B98-13A7C8E50234}.Debug|Any CPU.Build.0 = Debug|Any CPU
		{6794046B-1243-4A7D-8B98-13A7C8E50234}.Release|Any CPU.ActiveCfg = Release|Any CPU
		{6794046B-1243-4A7D-8B98-13A7C8E50234}.Release|Any CPU.Build.0 = Release|Any CPU
		{6E909054-CD42-4A06-BAC1-A5A5FF7348B7}.Debug|Any CPU.ActiveCfg = Debug|Any CPU
		{6E909054-CD42-4A06-BAC1-A5A5FF7348B7}.Debug|Any CPU.Build.0 = Debug|Any CPU
		{6E909054-CD42-4A06-BAC1-A5A5FF7348B7}.Release|Any CPU.ActiveCfg = Release|Any CPU
		{6E909054-CD42-4A06-BAC1-A5A5FF7348B7}.Release|Any CPU.Build.0 = Release|Any CPU
	EndGlobalSection
EndGlobal
